// !$*UTF8*$!
{
	archiveVersion = 1;
	classes = {
	};
	objectVersion = 48;
	objects = {

/* Begin PBXBuildFile section */
		903A0F58BFD274B8284CEE2A /* Pods_VFGProof.framework in Frameworks */ = {isa = PBXBuildFile; fileRef = DE65A35A708258F0A4C2A8C6 /* Pods_VFGProof.framework */; };
		D19D36A92C4421833A9EDFF0 /* Pods_VFGProofTests.framework in Frameworks */ = {isa = PBXBuildFile; fileRef = 7E0FF94287D640BF455A7266 /* Pods_VFGProofTests.framework */; };
		D1E65D5ADDD6560A99DB3C44 /* Pods_VFGProofUITests.framework in Frameworks */ = {isa = PBXBuildFile; fileRef = 7D474B4991DCFC877994EB1A /* Pods_VFGProofUITests.framework */; };
		F746584C2084CDCD00FE106C /* LaunchScreen.storyboard in Resources */ = {isa = PBXBuildFile; fileRef = F74658502084CDCD00FE106C /* LaunchScreen.storyboard */; };
		F746584D2084CDCD00FE106C /* LaunchScreen.storyboard in Resources */ = {isa = PBXBuildFile; fileRef = F74658502084CDCD00FE106C /* LaunchScreen.storyboard */; };
		F746584E2084CDCD00FE106C /* LaunchScreen.storyboard in Resources */ = {isa = PBXBuildFile; fileRef = F74658502084CDCD00FE106C /* LaunchScreen.storyboard */; };
		F74658552084CE1F00FE106C /* Localizable.strings in Resources */ = {isa = PBXBuildFile; fileRef = F74658532084CE1F00FE106C /* Localizable.strings */; };
		F74658562084CE1F00FE106C /* Localizable.strings in Resources */ = {isa = PBXBuildFile; fileRef = F74658532084CE1F00FE106C /* Localizable.strings */; };
		F74658572084CE1F00FE106C /* Localizable.strings in Resources */ = {isa = PBXBuildFile; fileRef = F74658532084CE1F00FE106C /* Localizable.strings */; };
		F7A79BD0207391AE000843CE /* AppDelegate.swift in Sources */ = {isa = PBXBuildFile; fileRef = F7A79BCF207391AE000843CE /* AppDelegate.swift */; };
		F7A79BD8207391AE000843CE /* VFGProof.xcdatamodeld in Sources */ = {isa = PBXBuildFile; fileRef = F7A79BD6207391AE000843CE /* VFGProof.xcdatamodeld */; };
		F7A79BDA207391AE000843CE /* Assets.xcassets in Resources */ = {isa = PBXBuildFile; fileRef = F7A79BD9207391AE000843CE /* Assets.xcassets */; };
		F7A79BE8207391AE000843CE /* VFGProofTests.swift in Sources */ = {isa = PBXBuildFile; fileRef = F7A79BE7207391AE000843CE /* VFGProofTests.swift */; };
		F7A79BF3207391AE000843CE /* VFGProofUITests.swift in Sources */ = {isa = PBXBuildFile; fileRef = F7A79BF2207391AE000843CE /* VFGProofUITests.swift */; };
		F7A79C05207399D0000843CE /* BaseViewController.swift in Sources */ = {isa = PBXBuildFile; fileRef = F7A79C04207399D0000843CE /* BaseViewController.swift */; };
		F7A79C06207399D0000843CE /* BaseViewController.swift in Sources */ = {isa = PBXBuildFile; fileRef = F7A79C04207399D0000843CE /* BaseViewController.swift */; };
		F7A79C07207399D0000843CE /* BaseViewController.swift in Sources */ = {isa = PBXBuildFile; fileRef = F7A79C04207399D0000843CE /* BaseViewController.swift */; };
		F7A79C0A20739A2F000843CE /* BaseView.swift in Sources */ = {isa = PBXBuildFile; fileRef = F7A79C0920739A2F000843CE /* BaseView.swift */; };
		F7A79C0B20739A2F000843CE /* BaseView.swift in Sources */ = {isa = PBXBuildFile; fileRef = F7A79C0920739A2F000843CE /* BaseView.swift */; };
		F7A79C0C20739A2F000843CE /* BaseView.swift in Sources */ = {isa = PBXBuildFile; fileRef = F7A79C0920739A2F000843CE /* BaseView.swift */; };
		F7C517092080E56700ABFF5F /* HomeViewController.swift in Sources */ = {isa = PBXBuildFile; fileRef = F7C517082080E56700ABFF5F /* HomeViewController.swift */; };
		F7C5170A2080E56700ABFF5F /* HomeViewController.swift in Sources */ = {isa = PBXBuildFile; fileRef = F7C517082080E56700ABFF5F /* HomeViewController.swift */; };
		F7C5170B2080E56700ABFF5F /* HomeViewController.swift in Sources */ = {isa = PBXBuildFile; fileRef = F7C517082080E56700ABFF5F /* HomeViewController.swift */; };
		F7C5170E2080E58800ABFF5F /* HomeView.swift in Sources */ = {isa = PBXBuildFile; fileRef = F7C5170D2080E58800ABFF5F /* HomeView.swift */; };
		F7C5170F2080E58800ABFF5F /* HomeView.swift in Sources */ = {isa = PBXBuildFile; fileRef = F7C5170D2080E58800ABFF5F /* HomeView.swift */; };
		F7C517102080E58800ABFF5F /* HomeView.swift in Sources */ = {isa = PBXBuildFile; fileRef = F7C5170D2080E58800ABFF5F /* HomeView.swift */; };
		F7C517132080E68900ABFF5F /* UIViewExtensions.swift in Sources */ = {isa = PBXBuildFile; fileRef = F7C517122080E68900ABFF5F /* UIViewExtensions.swift */; };
		F7C517142080E68900ABFF5F /* UIViewExtensions.swift in Sources */ = {isa = PBXBuildFile; fileRef = F7C517122080E68900ABFF5F /* UIViewExtensions.swift */; };
		F7C517152080E68900ABFF5F /* UIViewExtensions.swift in Sources */ = {isa = PBXBuildFile; fileRef = F7C517122080E68900ABFF5F /* UIViewExtensions.swift */; };
		F7C51722208495BE00ABFF5F /* SplashViewController.swift in Sources */ = {isa = PBXBuildFile; fileRef = F7C51721208495BE00ABFF5F /* SplashViewController.swift */; };
		F7C51723208495BE00ABFF5F /* SplashViewController.swift in Sources */ = {isa = PBXBuildFile; fileRef = F7C51721208495BE00ABFF5F /* SplashViewController.swift */; };
		F7C51724208495BE00ABFF5F /* SplashViewController.swift in Sources */ = {isa = PBXBuildFile; fileRef = F7C51721208495BE00ABFF5F /* SplashViewController.swift */; };
		F7C51727208495D700ABFF5F /* SplashView.swift in Sources */ = {isa = PBXBuildFile; fileRef = F7C51726208495D700ABFF5F /* SplashView.swift */; };
		F7C51728208495D700ABFF5F /* SplashView.swift in Sources */ = {isa = PBXBuildFile; fileRef = F7C51726208495D700ABFF5F /* SplashView.swift */; };
		F7C51729208495D700ABFF5F /* SplashView.swift in Sources */ = {isa = PBXBuildFile; fileRef = F7C51726208495D700ABFF5F /* SplashView.swift */; };
/* End PBXBuildFile section */

/* Begin PBXContainerItemProxy section */
		F7A79BE4207391AE000843CE /* PBXContainerItemProxy */ = {
			isa = PBXContainerItemProxy;
			containerPortal = F7A79BC4207391AE000843CE /* Project object */;
			proxyType = 1;
			remoteGlobalIDString = F7A79BCB207391AE000843CE;
			remoteInfo = VFGProof;
		};
		F7A79BEF207391AE000843CE /* PBXContainerItemProxy */ = {
			isa = PBXContainerItemProxy;
			containerPortal = F7A79BC4207391AE000843CE /* Project object */;
			proxyType = 1;
			remoteGlobalIDString = F7A79BCB207391AE000843CE;
			remoteInfo = VFGProof;
		};
/* End PBXContainerItemProxy section */

/* Begin PBXFileReference section */
		0BFE3B0270AB3F488ADAB814 /* Pods-VFGProof.release.xcconfig */ = {isa = PBXFileReference; includeInIndex = 1; lastKnownFileType = text.xcconfig; name = "Pods-VFGProof.release.xcconfig"; path = "Pods/Target Support Files/Pods-VFGProof/Pods-VFGProof.release.xcconfig"; sourceTree = "<group>"; };
		1C6BE9472838ECE322036D2E /* Pods-VFGProofUITests.debug.xcconfig */ = {isa = PBXFileReference; includeInIndex = 1; lastKnownFileType = text.xcconfig; name = "Pods-VFGProofUITests.debug.xcconfig"; path = "Pods/Target Support Files/Pods-VFGProofUITests/Pods-VFGProofUITests.debug.xcconfig"; sourceTree = "<group>"; };
		1EEB0B59DC47CCC17E29ACC1 /* Pods-VFGProofTests.release.xcconfig */ = {isa = PBXFileReference; includeInIndex = 1; lastKnownFileType = text.xcconfig; name = "Pods-VFGProofTests.release.xcconfig"; path = "Pods/Target Support Files/Pods-VFGProofTests/Pods-VFGProofTests.release.xcconfig"; sourceTree = "<group>"; };
		7D474B4991DCFC877994EB1A /* Pods_VFGProofUITests.framework */ = {isa = PBXFileReference; explicitFileType = wrapper.framework; includeInIndex = 0; path = Pods_VFGProofUITests.framework; sourceTree = BUILT_PRODUCTS_DIR; };
		7E0FF94287D640BF455A7266 /* Pods_VFGProofTests.framework */ = {isa = PBXFileReference; explicitFileType = wrapper.framework; includeInIndex = 0; path = Pods_VFGProofTests.framework; sourceTree = BUILT_PRODUCTS_DIR; };
		89066F97FF4CD2AE18A0F6D5 /* Pods-VFGProof.debug.xcconfig */ = {isa = PBXFileReference; includeInIndex = 1; lastKnownFileType = text.xcconfig; name = "Pods-VFGProof.debug.xcconfig"; path = "Pods/Target Support Files/Pods-VFGProof/Pods-VFGProof.debug.xcconfig"; sourceTree = "<group>"; };
		912A388FFE4A412808EE06DE /* Pods-VFGProofUITests.release.xcconfig */ = {isa = PBXFileReference; includeInIndex = 1; lastKnownFileType = text.xcconfig; name = "Pods-VFGProofUITests.release.xcconfig"; path = "Pods/Target Support Files/Pods-VFGProofUITests/Pods-VFGProofUITests.release.xcconfig"; sourceTree = "<group>"; };
		AB497B8A76671A363B0FA78C /* Pods-VFGProofTests.debug.xcconfig */ = {isa = PBXFileReference; includeInIndex = 1; lastKnownFileType = text.xcconfig; name = "Pods-VFGProofTests.debug.xcconfig"; path = "Pods/Target Support Files/Pods-VFGProofTests/Pods-VFGProofTests.debug.xcconfig"; sourceTree = "<group>"; };
		DE65A35A708258F0A4C2A8C6 /* Pods_VFGProof.framework */ = {isa = PBXFileReference; explicitFileType = wrapper.framework; includeInIndex = 0; path = Pods_VFGProof.framework; sourceTree = BUILT_PRODUCTS_DIR; };
		F746584F2084CDCD00FE106C /* Base */ = {isa = PBXFileReference; lastKnownFileType = file.storyboard; name = Base; path = Base.lproj/LaunchScreen.storyboard; sourceTree = "<group>"; };
		F74658522084CDD500FE106C /* en */ = {isa = PBXFileReference; lastKnownFileType = text.plist.strings; name = en; path = en.lproj/LaunchScreen.strings; sourceTree = "<group>"; };
		F74658542084CE1F00FE106C /* Base */ = {isa = PBXFileReference; lastKnownFileType = text.plist.strings; name = Base; path = Base.lproj/Localizable.strings; sourceTree = "<group>"; };
		F7A79BCC207391AE000843CE /* VFGProof.app */ = {isa = PBXFileReference; explicitFileType = wrapper.application; includeInIndex = 0; path = VFGProof.app; sourceTree = BUILT_PRODUCTS_DIR; };
		F7A79BCF207391AE000843CE /* AppDelegate.swift */ = {isa = PBXFileReference; lastKnownFileType = sourcecode.swift; path = AppDelegate.swift; sourceTree = "<group>"; };
		F7A79BD7207391AE000843CE /* VFGProof.xcdatamodel */ = {isa = PBXFileReference; lastKnownFileType = wrapper.xcdatamodel; path = VFGProof.xcdatamodel; sourceTree = "<group>"; };
		F7A79BD9207391AE000843CE /* Assets.xcassets */ = {isa = PBXFileReference; lastKnownFileType = folder.assetcatalog; path = Assets.xcassets; sourceTree = "<group>"; };
		F7A79BDE207391AE000843CE /* Info.plist */ = {isa = PBXFileReference; lastKnownFileType = text.plist.xml; path = Info.plist; sourceTree = "<group>"; };
		F7A79BE3207391AE000843CE /* VFGProofTests.xctest */ = {isa = PBXFileReference; explicitFileType = wrapper.cfbundle; includeInIndex = 0; path = VFGProofTests.xctest; sourceTree = BUILT_PRODUCTS_DIR; };
		F7A79BE7207391AE000843CE /* VFGProofTests.swift */ = {isa = PBXFileReference; lastKnownFileType = sourcecode.swift; path = VFGProofTests.swift; sourceTree = "<group>"; };
		F7A79BE9207391AE000843CE /* Info.plist */ = {isa = PBXFileReference; lastKnownFileType = text.plist.xml; path = Info.plist; sourceTree = "<group>"; };
		F7A79BEE207391AE000843CE /* VFGProofUITests.xctest */ = {isa = PBXFileReference; explicitFileType = wrapper.cfbundle; includeInIndex = 0; path = VFGProofUITests.xctest; sourceTree = BUILT_PRODUCTS_DIR; };
		F7A79BF2207391AE000843CE /* VFGProofUITests.swift */ = {isa = PBXFileReference; lastKnownFileType = sourcecode.swift; path = VFGProofUITests.swift; sourceTree = "<group>"; };
		F7A79BF4207391AE000843CE /* Info.plist */ = {isa = PBXFileReference; lastKnownFileType = text.plist.xml; path = Info.plist; sourceTree = "<group>"; };
		F7A79C04207399D0000843CE /* BaseViewController.swift */ = {isa = PBXFileReference; lastKnownFileType = sourcecode.swift; path = BaseViewController.swift; sourceTree = "<group>"; };
		F7A79C0920739A2F000843CE /* BaseView.swift */ = {isa = PBXFileReference; lastKnownFileType = sourcecode.swift; path = BaseView.swift; sourceTree = "<group>"; };
		F7C517082080E56700ABFF5F /* HomeViewController.swift */ = {isa = PBXFileReference; lastKnownFileType = sourcecode.swift; path = HomeViewController.swift; sourceTree = "<group>"; };
		F7C5170D2080E58800ABFF5F /* HomeView.swift */ = {isa = PBXFileReference; lastKnownFileType = sourcecode.swift; path = HomeView.swift; sourceTree = "<group>"; };
		F7C517122080E68900ABFF5F /* UIViewExtensions.swift */ = {isa = PBXFileReference; lastKnownFileType = sourcecode.swift; path = UIViewExtensions.swift; sourceTree = "<group>"; };
		F7C51721208495BE00ABFF5F /* SplashViewController.swift */ = {isa = PBXFileReference; lastKnownFileType = sourcecode.swift; path = SplashViewController.swift; sourceTree = "<group>"; };
		F7C51726208495D700ABFF5F /* SplashView.swift */ = {isa = PBXFileReference; lastKnownFileType = sourcecode.swift; path = SplashView.swift; sourceTree = "<group>"; };
/* End PBXFileReference section */

/* Begin PBXFrameworksBuildPhase section */
		F7A79BC9207391AE000843CE /* Frameworks */ = {
			isa = PBXFrameworksBuildPhase;
			buildActionMask = 2147483647;
			files = (
				903A0F58BFD274B8284CEE2A /* Pods_VFGProof.framework in Frameworks */,
			);
			runOnlyForDeploymentPostprocessing = 0;
		};
		F7A79BE0207391AE000843CE /* Frameworks */ = {
			isa = PBXFrameworksBuildPhase;
			buildActionMask = 2147483647;
			files = (
				D19D36A92C4421833A9EDFF0 /* Pods_VFGProofTests.framework in Frameworks */,
			);
			runOnlyForDeploymentPostprocessing = 0;
		};
		F7A79BEB207391AE000843CE /* Frameworks */ = {
			isa = PBXFrameworksBuildPhase;
			buildActionMask = 2147483647;
			files = (
				D1E65D5ADDD6560A99DB3C44 /* Pods_VFGProofUITests.framework in Frameworks */,
			);
			runOnlyForDeploymentPostprocessing = 0;
		};
/* End PBXFrameworksBuildPhase section */

/* Begin PBXGroup section */
		466EE89ABC238FF27178CCCA /* Frameworks */ = {
			isa = PBXGroup;
			children = (
				DE65A35A708258F0A4C2A8C6 /* Pods_VFGProof.framework */,
				7E0FF94287D640BF455A7266 /* Pods_VFGProofTests.framework */,
				7D474B4991DCFC877994EB1A /* Pods_VFGProofUITests.framework */,
			);
			name = Frameworks;
			sourceTree = "<group>";
		};
		BE4032BFC8CBCB3C4F54C4CF /* Pods */ = {
			isa = PBXGroup;
			children = (
				89066F97FF4CD2AE18A0F6D5 /* Pods-VFGProof.debug.xcconfig */,
				0BFE3B0270AB3F488ADAB814 /* Pods-VFGProof.release.xcconfig */,
				AB497B8A76671A363B0FA78C /* Pods-VFGProofTests.debug.xcconfig */,
				1EEB0B59DC47CCC17E29ACC1 /* Pods-VFGProofTests.release.xcconfig */,
				1C6BE9472838ECE322036D2E /* Pods-VFGProofUITests.debug.xcconfig */,
				912A388FFE4A412808EE06DE /* Pods-VFGProofUITests.release.xcconfig */,
			);
			name = Pods;
			sourceTree = "<group>";
		};
		F7A79BC3207391AE000843CE = {
			isa = PBXGroup;
			children = (
				F7A79BCE207391AE000843CE /* VFGProof */,
				F7A79BE6207391AE000843CE /* VFGProofTests */,
				F7A79BF1207391AE000843CE /* VFGProofUITests */,
				F7A79BCD207391AE000843CE /* Products */,
				BE4032BFC8CBCB3C4F54C4CF /* Pods */,
				466EE89ABC238FF27178CCCA /* Frameworks */,
			);
			sourceTree = "<group>";
		};
		F7A79BCD207391AE000843CE /* Products */ = {
			isa = PBXGroup;
			children = (
				F7A79BCC207391AE000843CE /* VFGProof.app */,
				F7A79BE3207391AE000843CE /* VFGProofTests.xctest */,
				F7A79BEE207391AE000843CE /* VFGProofUITests.xctest */,
			);
			name = Products;
			sourceTree = "<group>";
		};
		F7A79BCE207391AE000843CE /* VFGProof */ = {
			isa = PBXGroup;
			children = (
				F7C517112080E67400ABFF5F /* Extensions */,
				F7A79C0120739322000843CE /* Supporting Files */,
				F7A79C002073926F000843CE /* ViewControllers */,
			);
			path = VFGProof;
			sourceTree = "<group>";
		};
		F7A79BE6207391AE000843CE /* VFGProofTests */ = {
			isa = PBXGroup;
			children = (
				F7A79BE7207391AE000843CE /* VFGProofTests.swift */,
				F7A79BE9207391AE000843CE /* Info.plist */,
			);
			path = VFGProofTests;
			sourceTree = "<group>";
		};
		F7A79BF1207391AE000843CE /* VFGProofUITests */ = {
			isa = PBXGroup;
			children = (
				F7A79BF2207391AE000843CE /* VFGProofUITests.swift */,
				F7A79BF4207391AE000843CE /* Info.plist */,
			);
			path = VFGProofUITests;
			sourceTree = "<group>";
		};
		F7A79C002073926F000843CE /* ViewControllers */ = {
			isa = PBXGroup;
			children = (
				F7A79C02207399B5000843CE /* Base */,
				F7C517072080E55400ABFF5F /* Home */,
				F7C51720208495A800ABFF5F /* Splash */,
			);
			path = ViewControllers;
			sourceTree = "<group>";
		};
		F7A79C0120739322000843CE /* Supporting Files */ = {
			isa = PBXGroup;
			children = (
				F7A79BCF207391AE000843CE /* AppDelegate.swift */,
				F7A79BD9207391AE000843CE /* Assets.xcassets */,
				F7A79BDE207391AE000843CE /* Info.plist */,
				F74658502084CDCD00FE106C /* LaunchScreen.storyboard */,
				F7A79BD6207391AE000843CE /* VFGProof.xcdatamodeld */,
				F74658532084CE1F00FE106C /* Localizable.strings */,
			);
			path = "Supporting Files";
			sourceTree = "<group>";
		};
		F7A79C02207399B5000843CE /* Base */ = {
			isa = PBXGroup;
			children = (
				F7A79C0820739A17000843CE /* Views */,
				F7A79C04207399D0000843CE /* BaseViewController.swift */,
			);
			path = Base;
			sourceTree = "<group>";
		};
		F7A79C0820739A17000843CE /* Views */ = {
			isa = PBXGroup;
			children = (
				F7A79C0920739A2F000843CE /* BaseView.swift */,
			);
			path = Views;
			sourceTree = "<group>";
		};
		F7C517072080E55400ABFF5F /* Home */ = {
			isa = PBXGroup;
			children = (
				F7C5170C2080E57500ABFF5F /* Views */,
				F7C517082080E56700ABFF5F /* HomeViewController.swift */,
			);
			path = Home;
			sourceTree = "<group>";
		};
		F7C5170C2080E57500ABFF5F /* Views */ = {
			isa = PBXGroup;
			children = (
				F7C5170D2080E58800ABFF5F /* HomeView.swift */,
			);
			path = Views;
			sourceTree = "<group>";
		};
		F7C517112080E67400ABFF5F /* Extensions */ = {
			isa = PBXGroup;
			children = (
				F7C517122080E68900ABFF5F /* UIViewExtensions.swift */,
			);
			path = Extensions;
			sourceTree = "<group>";
		};
		F7C51720208495A800ABFF5F /* Splash */ = {
			isa = PBXGroup;
			children = (
				F7C51725208495C100ABFF5F /* Views */,
				F7C51721208495BE00ABFF5F /* SplashViewController.swift */,
			);
			path = Splash;
			sourceTree = "<group>";
		};
		F7C51725208495C100ABFF5F /* Views */ = {
			isa = PBXGroup;
			children = (
				F7C51726208495D700ABFF5F /* SplashView.swift */,
			);
			path = Views;
			sourceTree = "<group>";
		};
/* End PBXGroup section */

/* Begin PBXNativeTarget section */
		F7A79BCB207391AE000843CE /* VFGProof */ = {
			isa = PBXNativeTarget;
			buildConfigurationList = F7A79BF7207391AE000843CE /* Build configuration list for PBXNativeTarget "VFGProof" */;
			buildPhases = (
				81EE2B430B3476FB6E20E21B /* [CP] Check Pods Manifest.lock */,
				F7A79BC8207391AE000843CE /* Sources */,
				F7A79BC9207391AE000843CE /* Frameworks */,
				F7A79BCA207391AE000843CE /* Resources */,
				44850A5AB1408A7594A1CF93 /* [CP] Embed Pods Frameworks */,
				3EBFF2F8176C670476E1B9DC /* [CP] Copy Pods Resources */,
			);
			buildRules = (
			);
			dependencies = (
			);
			name = VFGProof;
			productName = VFGProof;
			productReference = F7A79BCC207391AE000843CE /* VFGProof.app */;
			productType = "com.apple.product-type.application";
		};
		F7A79BE2207391AE000843CE /* VFGProofTests */ = {
			isa = PBXNativeTarget;
			buildConfigurationList = F7A79BFA207391AE000843CE /* Build configuration list for PBXNativeTarget "VFGProofTests" */;
			buildPhases = (
				F64D505431C1A37DB0DB188F /* [CP] Check Pods Manifest.lock */,
				F7A79BDF207391AE000843CE /* Sources */,
				F7A79BE0207391AE000843CE /* Frameworks */,
				F7A79BE1207391AE000843CE /* Resources */,
				965A285979C41FD69E8CD5C3 /* [CP] Embed Pods Frameworks */,
				5E2D9CD04D6286F1C1BE9BE8 /* [CP] Copy Pods Resources */,
			);
			buildRules = (
			);
			dependencies = (
				F7A79BE5207391AE000843CE /* PBXTargetDependency */,
			);
			name = VFGProofTests;
			productName = VFGProofTests;
			productReference = F7A79BE3207391AE000843CE /* VFGProofTests.xctest */;
			productType = "com.apple.product-type.bundle.unit-test";
		};
		F7A79BED207391AE000843CE /* VFGProofUITests */ = {
			isa = PBXNativeTarget;
			buildConfigurationList = F7A79BFD207391AE000843CE /* Build configuration list for PBXNativeTarget "VFGProofUITests" */;
			buildPhases = (
				63C84B2F936B303919CA55D4 /* [CP] Check Pods Manifest.lock */,
				F7A79BEA207391AE000843CE /* Sources */,
				F7A79BEB207391AE000843CE /* Frameworks */,
				F7A79BEC207391AE000843CE /* Resources */,
				CB962302711613F80CF1776F /* [CP] Embed Pods Frameworks */,
				510735907DE6770E7F0757C4 /* [CP] Copy Pods Resources */,
			);
			buildRules = (
			);
			dependencies = (
				F7A79BF0207391AE000843CE /* PBXTargetDependency */,
			);
			name = VFGProofUITests;
			productName = VFGProofUITests;
			productReference = F7A79BEE207391AE000843CE /* VFGProofUITests.xctest */;
			productType = "com.apple.product-type.bundle.ui-testing";
		};
/* End PBXNativeTarget section */

/* Begin PBXProject section */
		F7A79BC4207391AE000843CE /* Project object */ = {
			isa = PBXProject;
			attributes = {
				LastSwiftUpdateCheck = 0920;
				LastUpgradeCheck = 0920;
				ORGANIZATIONNAME = vodafone;
				TargetAttributes = {
					F7A79BCB207391AE000843CE = {
						CreatedOnToolsVersion = 9.2;
						ProvisioningStyle = Automatic;
					};
					F7A79BE2207391AE000843CE = {
						CreatedOnToolsVersion = 9.2;
						ProvisioningStyle = Automatic;
						TestTargetID = F7A79BCB207391AE000843CE;
					};
					F7A79BED207391AE000843CE = {
						CreatedOnToolsVersion = 9.2;
						ProvisioningStyle = Automatic;
						TestTargetID = F7A79BCB207391AE000843CE;
					};
				};
			};
			buildConfigurationList = F7A79BC7207391AE000843CE /* Build configuration list for PBXProject "VFGProof" */;
			compatibilityVersion = "Xcode 8.0";
			developmentRegion = en;
			hasScannedForEncodings = 0;
			knownRegions = (
				en,
				Base,
			);
			mainGroup = F7A79BC3207391AE000843CE;
			productRefGroup = F7A79BCD207391AE000843CE /* Products */;
			projectDirPath = "";
			projectRoot = "";
			targets = (
				F7A79BCB207391AE000843CE /* VFGProof */,
				F7A79BE2207391AE000843CE /* VFGProofTests */,
				F7A79BED207391AE000843CE /* VFGProofUITests */,
			);
		};
/* End PBXProject section */

/* Begin PBXResourcesBuildPhase section */
		F7A79BCA207391AE000843CE /* Resources */ = {
			isa = PBXResourcesBuildPhase;
			buildActionMask = 2147483647;
			files = (
				F7A79BDA207391AE000843CE /* Assets.xcassets in Resources */,
				F74658552084CE1F00FE106C /* Localizable.strings in Resources */,
				F746584C2084CDCD00FE106C /* LaunchScreen.storyboard in Resources */,
			);
			runOnlyForDeploymentPostprocessing = 0;
		};
		F7A79BE1207391AE000843CE /* Resources */ = {
			isa = PBXResourcesBuildPhase;
			buildActionMask = 2147483647;
			files = (
				F746584D2084CDCD00FE106C /* LaunchScreen.storyboard in Resources */,
				F74658562084CE1F00FE106C /* Localizable.strings in Resources */,
			);
			runOnlyForDeploymentPostprocessing = 0;
		};
		F7A79BEC207391AE000843CE /* Resources */ = {
			isa = PBXResourcesBuildPhase;
			buildActionMask = 2147483647;
			files = (
				F746584E2084CDCD00FE106C /* LaunchScreen.storyboard in Resources */,
				F74658572084CE1F00FE106C /* Localizable.strings in Resources */,
			);
			runOnlyForDeploymentPostprocessing = 0;
		};
/* End PBXResourcesBuildPhase section */

/* Begin PBXShellScriptBuildPhase section */
		3EBFF2F8176C670476E1B9DC /* [CP] Copy Pods Resources */ = {
			isa = PBXShellScriptBuildPhase;
			buildActionMask = 2147483647;
			files = (
			);
			inputPaths = (
			);
			name = "[CP] Copy Pods Resources";
			outputPaths = (
			);
			runOnlyForDeploymentPostprocessing = 0;
			shellPath = /bin/sh;
			shellScript = "\"${SRCROOT}/Pods/Target Support Files/Pods-VFGProof/Pods-VFGProof-resources.sh\"\n";
			showEnvVarsInLog = 0;
		};
		44850A5AB1408A7594A1CF93 /* [CP] Embed Pods Frameworks */ = {
			isa = PBXShellScriptBuildPhase;
			buildActionMask = 2147483647;
			files = (
			);
			inputPaths = (
				"${SRCROOT}/Pods/Target Support Files/Pods-VFGProof/Pods-VFGProof-frameworks.sh",
				"${BUILT_PRODUCTS_DIR}/Alamofire/Alamofire.framework",
				"${BUILT_PRODUCTS_DIR}/Cache/Cache.framework",
				"${BUILT_PRODUCTS_DIR}/EDSunriseSet/EDSunriseSet.framework",
				"${BUILT_PRODUCTS_DIR}/ObjectMapper/ObjectMapper.framework",
				"${BUILT_PRODUCTS_DIR}/PureLayout/PureLayout.framework",
				"${BUILT_PRODUCTS_DIR}/RBBAnimation/RBBAnimation.framework",
				"${BUILT_PRODUCTS_DIR}/SwiftHash/SwiftHash.framework",
				"${BUILT_PRODUCTS_DIR}/SwiftMessages/SwiftMessages.framework",
				"${BUILT_PRODUCTS_DIR}/VFGCommonUI/VFGCommonUI.framework",
				"${BUILT_PRODUCTS_DIR}/VFGCommonUtils/VFGCommonUtils.framework",
				"${BUILT_PRODUCTS_DIR}/VFGDataAccess/VFGDataAccess.framework",
				"${BUILT_PRODUCTS_DIR}/VFGSplash/VFGSplash.framework",
				"${BUILT_PRODUCTS_DIR}/VFGVoV/VFGVoV.framework",
				"${BUILT_PRODUCTS_DIR}/lottie-ios/Lottie.framework",
			);
			name = "[CP] Embed Pods Frameworks";
			outputPaths = (
				"${TARGET_BUILD_DIR}/${FRAMEWORKS_FOLDER_PATH}/Alamofire.framework",
				"${TARGET_BUILD_DIR}/${FRAMEWORKS_FOLDER_PATH}/Cache.framework",
				"${TARGET_BUILD_DIR}/${FRAMEWORKS_FOLDER_PATH}/EDSunriseSet.framework",
				"${TARGET_BUILD_DIR}/${FRAMEWORKS_FOLDER_PATH}/ObjectMapper.framework",
				"${TARGET_BUILD_DIR}/${FRAMEWORKS_FOLDER_PATH}/PureLayout.framework",
				"${TARGET_BUILD_DIR}/${FRAMEWORKS_FOLDER_PATH}/RBBAnimation.framework",
				"${TARGET_BUILD_DIR}/${FRAMEWORKS_FOLDER_PATH}/SwiftHash.framework",
				"${TARGET_BUILD_DIR}/${FRAMEWORKS_FOLDER_PATH}/SwiftMessages.framework",
				"${TARGET_BUILD_DIR}/${FRAMEWORKS_FOLDER_PATH}/VFGCommonUI.framework",
				"${TARGET_BUILD_DIR}/${FRAMEWORKS_FOLDER_PATH}/VFGCommonUtils.framework",
				"${TARGET_BUILD_DIR}/${FRAMEWORKS_FOLDER_PATH}/VFGDataAccess.framework",
				"${TARGET_BUILD_DIR}/${FRAMEWORKS_FOLDER_PATH}/VFGSplash.framework",
				"${TARGET_BUILD_DIR}/${FRAMEWORKS_FOLDER_PATH}/VFGVoV.framework",
				"${TARGET_BUILD_DIR}/${FRAMEWORKS_FOLDER_PATH}/Lottie.framework",
			);
			runOnlyForDeploymentPostprocessing = 0;
			shellPath = /bin/sh;
			shellScript = "\"${SRCROOT}/Pods/Target Support Files/Pods-VFGProof/Pods-VFGProof-frameworks.sh\"\n";
			showEnvVarsInLog = 0;
		};
		510735907DE6770E7F0757C4 /* [CP] Copy Pods Resources */ = {
			isa = PBXShellScriptBuildPhase;
			buildActionMask = 2147483647;
			files = (
			);
			inputPaths = (
			);
			name = "[CP] Copy Pods Resources";
			outputPaths = (
			);
			runOnlyForDeploymentPostprocessing = 0;
			shellPath = /bin/sh;
			shellScript = "\"${SRCROOT}/Pods/Target Support Files/Pods-VFGProofUITests/Pods-VFGProofUITests-resources.sh\"\n";
			showEnvVarsInLog = 0;
		};
		5E2D9CD04D6286F1C1BE9BE8 /* [CP] Copy Pods Resources */ = {
			isa = PBXShellScriptBuildPhase;
			buildActionMask = 2147483647;
			files = (
			);
			inputPaths = (
			);
			name = "[CP] Copy Pods Resources";
			outputPaths = (
			);
			runOnlyForDeploymentPostprocessing = 0;
			shellPath = /bin/sh;
			shellScript = "\"${SRCROOT}/Pods/Target Support Files/Pods-VFGProofTests/Pods-VFGProofTests-resources.sh\"\n";
			showEnvVarsInLog = 0;
		};
		63C84B2F936B303919CA55D4 /* [CP] Check Pods Manifest.lock */ = {
			isa = PBXShellScriptBuildPhase;
			buildActionMask = 2147483647;
			files = (
			);
			inputPaths = (
				"${PODS_PODFILE_DIR_PATH}/Podfile.lock",
				"${PODS_ROOT}/Manifest.lock",
			);
			name = "[CP] Check Pods Manifest.lock";
			outputPaths = (
				"$(DERIVED_FILE_DIR)/Pods-VFGProofUITests-checkManifestLockResult.txt",
			);
			runOnlyForDeploymentPostprocessing = 0;
			shellPath = /bin/sh;
			shellScript = "diff \"${PODS_PODFILE_DIR_PATH}/Podfile.lock\" \"${PODS_ROOT}/Manifest.lock\" > /dev/null\nif [ $? != 0 ] ; then\n    # print error to STDERR\n    echo \"error: The sandbox is not in sync with the Podfile.lock. Run 'pod install' or update your CocoaPods installation.\" >&2\n    exit 1\nfi\n# This output is used by Xcode 'outputs' to avoid re-running this script phase.\necho \"SUCCESS\" > \"${SCRIPT_OUTPUT_FILE_0}\"\n";
			showEnvVarsInLog = 0;
		};
		81EE2B430B3476FB6E20E21B /* [CP] Check Pods Manifest.lock */ = {
			isa = PBXShellScriptBuildPhase;
			buildActionMask = 2147483647;
			files = (
			);
			inputPaths = (
				"${PODS_PODFILE_DIR_PATH}/Podfile.lock",
				"${PODS_ROOT}/Manifest.lock",
			);
			name = "[CP] Check Pods Manifest.lock";
			outputPaths = (
				"$(DERIVED_FILE_DIR)/Pods-VFGProof-checkManifestLockResult.txt",
			);
			runOnlyForDeploymentPostprocessing = 0;
			shellPath = /bin/sh;
			shellScript = "diff \"${PODS_PODFILE_DIR_PATH}/Podfile.lock\" \"${PODS_ROOT}/Manifest.lock\" > /dev/null\nif [ $? != 0 ] ; then\n    # print error to STDERR\n    echo \"error: The sandbox is not in sync with the Podfile.lock. Run 'pod install' or update your CocoaPods installation.\" >&2\n    exit 1\nfi\n# This output is used by Xcode 'outputs' to avoid re-running this script phase.\necho \"SUCCESS\" > \"${SCRIPT_OUTPUT_FILE_0}\"\n";
			showEnvVarsInLog = 0;
		};
		965A285979C41FD69E8CD5C3 /* [CP] Embed Pods Frameworks */ = {
			isa = PBXShellScriptBuildPhase;
			buildActionMask = 2147483647;
			files = (
			);
			inputPaths = (
			);
			name = "[CP] Embed Pods Frameworks";
			outputPaths = (
			);
			runOnlyForDeploymentPostprocessing = 0;
			shellPath = /bin/sh;
			shellScript = "\"${SRCROOT}/Pods/Target Support Files/Pods-VFGProofTests/Pods-VFGProofTests-frameworks.sh\"\n";
			showEnvVarsInLog = 0;
		};
		CB962302711613F80CF1776F /* [CP] Embed Pods Frameworks */ = {
			isa = PBXShellScriptBuildPhase;
			buildActionMask = 2147483647;
			files = (
			);
			inputPaths = (
			);
			name = "[CP] Embed Pods Frameworks";
			outputPaths = (
			);
			runOnlyForDeploymentPostprocessing = 0;
			shellPath = /bin/sh;
			shellScript = "\"${SRCROOT}/Pods/Target Support Files/Pods-VFGProofUITests/Pods-VFGProofUITests-frameworks.sh\"\n";
			showEnvVarsInLog = 0;
		};
		F64D505431C1A37DB0DB188F /* [CP] Check Pods Manifest.lock */ = {
			isa = PBXShellScriptBuildPhase;
			buildActionMask = 2147483647;
			files = (
			);
			inputPaths = (
				"${PODS_PODFILE_DIR_PATH}/Podfile.lock",
				"${PODS_ROOT}/Manifest.lock",
			);
			name = "[CP] Check Pods Manifest.lock";
			outputPaths = (
				"$(DERIVED_FILE_DIR)/Pods-VFGProofTests-checkManifestLockResult.txt",
			);
			runOnlyForDeploymentPostprocessing = 0;
			shellPath = /bin/sh;
			shellScript = "diff \"${PODS_PODFILE_DIR_PATH}/Podfile.lock\" \"${PODS_ROOT}/Manifest.lock\" > /dev/null\nif [ $? != 0 ] ; then\n    # print error to STDERR\n    echo \"error: The sandbox is not in sync with the Podfile.lock. Run 'pod install' or update your CocoaPods installation.\" >&2\n    exit 1\nfi\n# This output is used by Xcode 'outputs' to avoid re-running this script phase.\necho \"SUCCESS\" > \"${SCRIPT_OUTPUT_FILE_0}\"\n";
			showEnvVarsInLog = 0;
		};
/* End PBXShellScriptBuildPhase section */

/* Begin PBXSourcesBuildPhase section */
		F7A79BC8207391AE000843CE /* Sources */ = {
			isa = PBXSourcesBuildPhase;
			buildActionMask = 2147483647;
			files = (
				F7A79BD8207391AE000843CE /* VFGProof.xcdatamodeld in Sources */,
				F7C517132080E68900ABFF5F /* UIViewExtensions.swift in Sources */,
				F7A79BD0207391AE000843CE /* AppDelegate.swift in Sources */,
				F7A79C05207399D0000843CE /* BaseViewController.swift in Sources */,
				F7A79C0A20739A2F000843CE /* BaseView.swift in Sources */,
				F7C5170E2080E58800ABFF5F /* HomeView.swift in Sources */,
				F7C517092080E56700ABFF5F /* HomeViewController.swift in Sources */,
				F7C51722208495BE00ABFF5F /* SplashViewController.swift in Sources */,
				F7C51727208495D700ABFF5F /* SplashView.swift in Sources */,
			);
			runOnlyForDeploymentPostprocessing = 0;
		};
		F7A79BDF207391AE000843CE /* Sources */ = {
			isa = PBXSourcesBuildPhase;
			buildActionMask = 2147483647;
			files = (
				F7A79C0B20739A2F000843CE /* BaseView.swift in Sources */,
				F7C51728208495D700ABFF5F /* SplashView.swift in Sources */,
				F7C5170F2080E58800ABFF5F /* HomeView.swift in Sources */,
				F7A79BE8207391AE000843CE /* VFGProofTests.swift in Sources */,
				F7A79C06207399D0000843CE /* BaseViewController.swift in Sources */,
				F7C517142080E68900ABFF5F /* UIViewExtensions.swift in Sources */,
				F7C51723208495BE00ABFF5F /* SplashViewController.swift in Sources */,
				F7C5170A2080E56700ABFF5F /* HomeViewController.swift in Sources */,
			);
			runOnlyForDeploymentPostprocessing = 0;
		};
		F7A79BEA207391AE000843CE /* Sources */ = {
			isa = PBXSourcesBuildPhase;
			buildActionMask = 2147483647;
			files = (
				F7A79C0C20739A2F000843CE /* BaseView.swift in Sources */,
				F7C51729208495D700ABFF5F /* SplashView.swift in Sources */,
				F7C517102080E58800ABFF5F /* HomeView.swift in Sources */,
				F7A79BF3207391AE000843CE /* VFGProofUITests.swift in Sources */,
				F7A79C07207399D0000843CE /* BaseViewController.swift in Sources */,
				F7C517152080E68900ABFF5F /* UIViewExtensions.swift in Sources */,
				F7C51724208495BE00ABFF5F /* SplashViewController.swift in Sources */,
				F7C5170B2080E56700ABFF5F /* HomeViewController.swift in Sources */,
			);
			runOnlyForDeploymentPostprocessing = 0;
		};
/* End PBXSourcesBuildPhase section */

/* Begin PBXTargetDependency section */
		F7A79BE5207391AE000843CE /* PBXTargetDependency */ = {
			isa = PBXTargetDependency;
			target = F7A79BCB207391AE000843CE /* VFGProof */;
			targetProxy = F7A79BE4207391AE000843CE /* PBXContainerItemProxy */;
		};
		F7A79BF0207391AE000843CE /* PBXTargetDependency */ = {
			isa = PBXTargetDependency;
			target = F7A79BCB207391AE000843CE /* VFGProof */;
			targetProxy = F7A79BEF207391AE000843CE /* PBXContainerItemProxy */;
		};
/* End PBXTargetDependency section */

/* Begin PBXVariantGroup section */
		F74658502084CDCD00FE106C /* LaunchScreen.storyboard */ = {
			isa = PBXVariantGroup;
			children = (
				F746584F2084CDCD00FE106C /* Base */,
				F74658522084CDD500FE106C /* en */,
			);
			name = LaunchScreen.storyboard;
			sourceTree = "<group>";
		};
		F74658532084CE1F00FE106C /* Localizable.strings */ = {
			isa = PBXVariantGroup;
			children = (
				F74658542084CE1F00FE106C /* Base */,
			);
			name = Localizable.strings;
			sourceTree = "<group>";
		};
/* End PBXVariantGroup section */

/* Begin XCBuildConfiguration section */
		F7A79BF5207391AE000843CE /* Debug */ = {
			isa = XCBuildConfiguration;
			buildSettings = {
				ALWAYS_SEARCH_USER_PATHS = NO;
				CLANG_ANALYZER_NONNULL = YES;
				CLANG_ANALYZER_NUMBER_OBJECT_CONVERSION = YES_AGGRESSIVE;
				CLANG_CXX_LANGUAGE_STANDARD = "gnu++14";
				CLANG_CXX_LIBRARY = "libc++";
				CLANG_ENABLE_MODULES = YES;
				CLANG_ENABLE_OBJC_ARC = YES;
				CLANG_WARN_BLOCK_CAPTURE_AUTORELEASING = YES;
				CLANG_WARN_BOOL_CONVERSION = YES;
				CLANG_WARN_COMMA = YES;
				CLANG_WARN_CONSTANT_CONVERSION = YES;
				CLANG_WARN_DIRECT_OBJC_ISA_USAGE = YES_ERROR;
				CLANG_WARN_DOCUMENTATION_COMMENTS = YES;
				CLANG_WARN_EMPTY_BODY = YES;
				CLANG_WARN_ENUM_CONVERSION = YES;
				CLANG_WARN_INFINITE_RECURSION = YES;
				CLANG_WARN_INT_CONVERSION = YES;
				CLANG_WARN_NON_LITERAL_NULL_CONVERSION = YES;
				CLANG_WARN_OBJC_LITERAL_CONVERSION = YES;
				CLANG_WARN_OBJC_ROOT_CLASS = YES_ERROR;
				CLANG_WARN_RANGE_LOOP_ANALYSIS = YES;
				CLANG_WARN_STRICT_PROTOTYPES = YES;
				CLANG_WARN_SUSPICIOUS_MOVE = YES;
				CLANG_WARN_UNGUARDED_AVAILABILITY = YES_AGGRESSIVE;
				CLANG_WARN_UNREACHABLE_CODE = YES;
				CLANG_WARN__DUPLICATE_METHOD_MATCH = YES;
				CODE_SIGN_IDENTITY = "iPhone Developer";
				COPY_PHASE_STRIP = NO;
				DEBUG_INFORMATION_FORMAT = dwarf;
				ENABLE_STRICT_OBJC_MSGSEND = YES;
				ENABLE_TESTABILITY = YES;
				GCC_C_LANGUAGE_STANDARD = gnu11;
				GCC_DYNAMIC_NO_PIC = NO;
				GCC_NO_COMMON_BLOCKS = YES;
				GCC_OPTIMIZATION_LEVEL = 0;
				GCC_PREPROCESSOR_DEFINITIONS = (
					"DEBUG=1",
					"$(inherited)",
				);
				GCC_WARN_64_TO_32_BIT_CONVERSION = YES;
				GCC_WARN_ABOUT_RETURN_TYPE = YES_ERROR;
				GCC_WARN_UNDECLARED_SELECTOR = YES;
				GCC_WARN_UNINITIALIZED_AUTOS = YES_AGGRESSIVE;
				GCC_WARN_UNUSED_FUNCTION = YES;
				GCC_WARN_UNUSED_VARIABLE = YES;
				IPHONEOS_DEPLOYMENT_TARGET = 11.2;
				MTL_ENABLE_DEBUG_INFO = YES;
				ONLY_ACTIVE_ARCH = YES;
				SDKROOT = iphoneos;
				SWIFT_ACTIVE_COMPILATION_CONDITIONS = DEBUG;
				SWIFT_OPTIMIZATION_LEVEL = "-Onone";
			};
			name = Debug;
		};
		F7A79BF6207391AE000843CE /* Release */ = {
			isa = XCBuildConfiguration;
			buildSettings = {
				ALWAYS_SEARCH_USER_PATHS = NO;
				CLANG_ANALYZER_NONNULL = YES;
				CLANG_ANALYZER_NUMBER_OBJECT_CONVERSION = YES_AGGRESSIVE;
				CLANG_CXX_LANGUAGE_STANDARD = "gnu++14";
				CLANG_CXX_LIBRARY = "libc++";
				CLANG_ENABLE_MODULES = YES;
				CLANG_ENABLE_OBJC_ARC = YES;
				CLANG_WARN_BLOCK_CAPTURE_AUTORELEASING = YES;
				CLANG_WARN_BOOL_CONVERSION = YES;
				CLANG_WARN_COMMA = YES;
				CLANG_WARN_CONSTANT_CONVERSION = YES;
				CLANG_WARN_DIRECT_OBJC_ISA_USAGE = YES_ERROR;
				CLANG_WARN_DOCUMENTATION_COMMENTS = YES;
				CLANG_WARN_EMPTY_BODY = YES;
				CLANG_WARN_ENUM_CONVERSION = YES;
				CLANG_WARN_INFINITE_RECURSION = YES;
				CLANG_WARN_INT_CONVERSION = YES;
				CLANG_WARN_NON_LITERAL_NULL_CONVERSION = YES;
				CLANG_WARN_OBJC_LITERAL_CONVERSION = YES;
				CLANG_WARN_OBJC_ROOT_CLASS = YES_ERROR;
				CLANG_WARN_RANGE_LOOP_ANALYSIS = YES;
				CLANG_WARN_STRICT_PROTOTYPES = YES;
				CLANG_WARN_SUSPICIOUS_MOVE = YES;
				CLANG_WARN_UNGUARDED_AVAILABILITY = YES_AGGRESSIVE;
				CLANG_WARN_UNREACHABLE_CODE = YES;
				CLANG_WARN__DUPLICATE_METHOD_MATCH = YES;
				CODE_SIGN_IDENTITY = "iPhone Developer";
				COPY_PHASE_STRIP = NO;
				DEBUG_INFORMATION_FORMAT = "dwarf-with-dsym";
				ENABLE_NS_ASSERTIONS = NO;
				ENABLE_STRICT_OBJC_MSGSEND = YES;
				GCC_C_LANGUAGE_STANDARD = gnu11;
				GCC_NO_COMMON_BLOCKS = YES;
				GCC_WARN_64_TO_32_BIT_CONVERSION = YES;
				GCC_WARN_ABOUT_RETURN_TYPE = YES_ERROR;
				GCC_WARN_UNDECLARED_SELECTOR = YES;
				GCC_WARN_UNINITIALIZED_AUTOS = YES_AGGRESSIVE;
				GCC_WARN_UNUSED_FUNCTION = YES;
				GCC_WARN_UNUSED_VARIABLE = YES;
				IPHONEOS_DEPLOYMENT_TARGET = 11.2;
				MTL_ENABLE_DEBUG_INFO = NO;
				SDKROOT = iphoneos;
				SWIFT_OPTIMIZATION_LEVEL = "-Owholemodule";
				VALIDATE_PRODUCT = YES;
			};
			name = Release;
		};
		F7A79BF8207391AE000843CE /* Debug */ = {
			isa = XCBuildConfiguration;
			baseConfigurationReference = 89066F97FF4CD2AE18A0F6D5 /* Pods-VFGProof.debug.xcconfig */;
			buildSettings = {
				ASSETCATALOG_COMPILER_APPICON_NAME = AppIcon;
				CODE_SIGN_STYLE = Automatic;
				INFOPLIST_FILE = "$(SRCROOT)/VFGProof/Supporting Files/Info.plist";
				LD_RUNPATH_SEARCH_PATHS = "$(inherited) @executable_path/Frameworks";
				PRODUCT_BUNDLE_IDENTIFIER = com.vfgroup.VFGProof;
				PRODUCT_NAME = "$(TARGET_NAME)";
				SWIFT_VERSION = 3.0;
				TARGETED_DEVICE_FAMILY = "1,2";
			};
			name = Debug;
		};
		F7A79BF9207391AE000843CE /* Release */ = {
			isa = XCBuildConfiguration;
			baseConfigurationReference = 0BFE3B0270AB3F488ADAB814 /* Pods-VFGProof.release.xcconfig */;
			buildSettings = {
				ASSETCATALOG_COMPILER_APPICON_NAME = AppIcon;
				CODE_SIGN_STYLE = Automatic;
				INFOPLIST_FILE = "$(SRCROOT)/VFGProof/Supporting Files/Info.plist";
				LD_RUNPATH_SEARCH_PATHS = "$(inherited) @executable_path/Frameworks";
				PRODUCT_BUNDLE_IDENTIFIER = com.vfgroup.VFGProof;
				PRODUCT_NAME = "$(TARGET_NAME)";
				SWIFT_VERSION = 3.0;
				TARGETED_DEVICE_FAMILY = "1,2";
			};
			name = Release;
		};
		F7A79BFB207391AE000843CE /* Debug */ = {
			isa = XCBuildConfiguration;
			baseConfigurationReference = AB497B8A76671A363B0FA78C /* Pods-VFGProofTests.debug.xcconfig */;
			buildSettings = {
				ALWAYS_EMBED_SWIFT_STANDARD_LIBRARIES = YES;
				BUNDLE_LOADER = "$(TEST_HOST)";
				CODE_SIGN_STYLE = Automatic;
				INFOPLIST_FILE = VFGProofTests/Info.plist;
				LD_RUNPATH_SEARCH_PATHS = "$(inherited) @executable_path/Frameworks @loader_path/Frameworks";
				PRODUCT_BUNDLE_IDENTIFIER = com.vfgroup.VFGProofTests;
				PRODUCT_NAME = "$(TARGET_NAME)";
				SWIFT_VERSION = 4.0;
				TARGETED_DEVICE_FAMILY = "1,2";
				TEST_HOST = "$(BUILT_PRODUCTS_DIR)/VFGProof.app/VFGProof";
			};
			name = Debug;
		};
		F7A79BFC207391AE000843CE /* Release */ = {
			isa = XCBuildConfiguration;
			baseConfigurationReference = 1EEB0B59DC47CCC17E29ACC1 /* Pods-VFGProofTests.release.xcconfig */;
			buildSettings = {
				ALWAYS_EMBED_SWIFT_STANDARD_LIBRARIES = YES;
				BUNDLE_LOADER = "$(TEST_HOST)";
				CODE_SIGN_STYLE = Automatic;
				INFOPLIST_FILE = VFGProofTests/Info.plist;
				LD_RUNPATH_SEARCH_PATHS = "$(inherited) @executable_path/Frameworks @loader_path/Frameworks";
				PRODUCT_BUNDLE_IDENTIFIER = com.vfgroup.VFGProofTests;
				PRODUCT_NAME = "$(TARGET_NAME)";
				SWIFT_VERSION = 4.0;
				TARGETED_DEVICE_FAMILY = "1,2";
				TEST_HOST = "$(BUILT_PRODUCTS_DIR)/VFGProof.app/VFGProof";
			};
			name = Release;
		};
		F7A79BFE207391AE000843CE /* Debug */ = {
			isa = XCBuildConfiguration;
			baseConfigurationReference = 1C6BE9472838ECE322036D2E /* Pods-VFGProofUITests.debug.xcconfig */;
			buildSettings = {
				ALWAYS_EMBED_SWIFT_STANDARD_LIBRARIES = YES;
				CODE_SIGN_STYLE = Automatic;
				INFOPLIST_FILE = VFGProofUITests/Info.plist;
				LD_RUNPATH_SEARCH_PATHS = "$(inherited) @executable_path/Frameworks @loader_path/Frameworks";
				PRODUCT_BUNDLE_IDENTIFIER = com.vfgroup.VFGProofUITests;
				PRODUCT_NAME = "$(TARGET_NAME)";
				SWIFT_VERSION = 4.0;
				TARGETED_DEVICE_FAMILY = "1,2";
				TEST_TARGET_NAME = VFGProof;
			};
			name = Debug;
		};
		F7A79BFF207391AE000843CE /* Release */ = {
			isa = XCBuildConfiguration;
			baseConfigurationReference = 912A388FFE4A412808EE06DE /* Pods-VFGProofUITests.release.xcconfig */;
			buildSettings = {
				ALWAYS_EMBED_SWIFT_STANDARD_LIBRARIES = YES;
				CODE_SIGN_STYLE = Automatic;
				INFOPLIST_FILE = VFGProofUITests/Info.plist;
				LD_RUNPATH_SEARCH_PATHS = "$(inherited) @executable_path/Frameworks @loader_path/Frameworks";
				PRODUCT_BUNDLE_IDENTIFIER = com.vfgroup.VFGProofUITests;
				PRODUCT_NAME = "$(TARGET_NAME)";
				SWIFT_VERSION = 4.0;
				TARGETED_DEVICE_FAMILY = "1,2";
				TEST_TARGET_NAME = VFGProof;
			};
			name = Release;
		};
/* End XCBuildConfiguration section */

/* Begin XCConfigurationList section */
		F7A79BC7207391AE000843CE /* Build configuration list for PBXProject "VFGProof" */ = {
			isa = XCConfigurationList;
			buildConfigurations = (
				F7A79BF5207391AE000843CE /* Debug */,
				F7A79BF6207391AE000843CE /* Release */,
			);
			defaultConfigurationIsVisible = 0;
			defaultConfigurationName = Release;
		};
		F7A79BF7207391AE000843CE /* Build configuration list for PBXNativeTarget "VFGProof" */ = {
			isa = XCConfigurationList;
			buildConfigurations = (
				F7A79BF8207391AE000843CE /* Debug */,
				F7A79BF9207391AE000843CE /* Release */,
			);
			defaultConfigurationIsVisible = 0;
			defaultConfigurationName = Release;
		};
		F7A79BFA207391AE000843CE /* Build configuration list for PBXNativeTarget "VFGProofTests" */ = {
			isa = XCConfigurationList;
			buildConfigurations = (
				F7A79BFB207391AE000843CE /* Debug */,
				F7A79BFC207391AE000843CE /* Release */,
			);
			defaultConfigurationIsVisible = 0;
			defaultConfigurationName = Release;
		};
		F7A79BFD207391AE000843CE /* Build configuration list for PBXNativeTarget "VFGProofUITests" */ = {
			isa = XCConfigurationList;
			buildConfigurations = (
				F7A79BFE207391AE000843CE /* Debug */,
				F7A79BFF207391AE000843CE /* Release */,
			);
			defaultConfigurationIsVisible = 0;
			defaultConfigurationName = Release;
		};
/* End XCConfigurationList section */

/* Begin XCVersionGroup section */
		F7A79BD6207391AE000843CE /* VFGProof.xcdatamodeld */ = {
			isa = XCVersionGroup;
			children = (
				F7A79BD7207391AE000843CE /* VFGProof.xcdatamodel */,
			);
			currentVersion = F7A79BD7207391AE000843CE /* VFGProof.xcdatamodel */;
			path = VFGProof.xcdatamodeld;
			sourceTree = "<group>";
			versionGroupType = wrapper.xcdatamodel;
		};
/* End XCVersionGroup section */
	};
	rootObject = F7A79BC4207391AE000843CE /* Project object */;
}
